
Microsoft Visual Studio Solution File, Format Version 12.00
# Visual Studio 15
VisualStudioVersion = 15.0.27004.2005
MinimumVisualStudioVersion = 10.0.40219.1
Project("{FAE04EC0-301F-11D3-BF4B-00C04F79EFBC}") = "Tests", "Tests\Tests.csproj", "{13CD8FD7-6903-4086-8BFB-504E41F3D12D}"
EndProject
Project("{FAE04EC0-301F-11D3-BF4B-00C04F79EFBC}") = "DistillNET", "DistillNET\DistillNET.csproj", "{693840CA-EAF1-4718-BB1F-E2F9D6646E10}"
EndProject
Global
	GlobalSection(SolutionConfigurationPlatforms) = preSolution
		Debug|Any CPU = Debug|Any CPU
		Release|Any CPU = Release|Any CPU
	EndGlobalSection
	GlobalSection(ProjectConfigurationPlatforms) = postSolution
		{13CD8FD7-6903-4086-8BFB-504E41F3D12D}.Debug|Any CPU.ActiveCfg = Debug|Any CPU
		{13CD8FD7-6903-4086-8BFB-504E41F3D12D}.Debug|Any CPU.Build.0 = Debug|Any CPU
		{13CD8FD7-6903-4086-8BFB-504E41F3D12D}.Release|Any CPU.ActiveCfg = Release|Any CPU
		{13CD8FD7-6903-4086-8BFB-504E41F3D12D}.Release|Any CPU.Build.0 = Release|Any CPU
		{693840CA-EAF1-4718-BB1F-E2F9D6646E10}.Debug|Any CPU.ActiveCfg = Debug|Any CPU
		{693840CA-EAF1-4718-BB1F-E2F9D6646E10}.Debug|Any CPU.Build.0 = Debug|Any CPU
		{693840CA-EAF1-4718-BB1F-E2F9D6646E10}.Release|Any CPU.ActiveCfg = Release|Any CPU
		{693840CA-EAF1-4718-BB1F-E2F9D6646E10}.Release|Any CPU.Build.0 = Release|Any CPU
	EndGlobalSection
	GlobalSection(SolutionProperties) = preSolution
		HideSolutionNode = FALSE
	EndGlobalSection
	GlobalSection(ExtensibilityGlobals) = postSolution
		SolutionGuid = {ADAE59AE-F340-4AA4-AC19-A52D34052989}
	EndGlobalSection
EndGlobal
